PODS:
  - Localize-Swift (3.2.0):
    - Localize-Swift/LocalizeSwiftCore (= 3.2.0)
    - Localize-Swift/UIKit (= 3.2.0)
  - Localize-Swift/LocalizeSwiftCore (3.2.0)
  - Localize-Swift/UIKit (3.2.0):
    - Localize-Swift/LocalizeSwiftCore

DEPENDENCIES:
  - Localize-Swift (~> 3.2)

SPEC REPOS:
  trunk:
    - Localize-Swift

SPEC CHECKSUMS:
  Localize-Swift: 6f4475136bdb0d7b2882ea3d4ea919d70142b232

PODFILE CHECKSUM: d5170f5e71b73993f7d384dc8f6d0b1b87f32bb2

COCOAPODS: 1.11.0
